
Microsoft Visual Studio Solution File, Format Version 12.00
# Visual Studio Version 16
VisualStudioVersion = 16.0.29424.173
MinimumVisualStudioVersion = 10.0.40219.1
Project("{FAE04EC0-301F-11D3-BF4B-00C04F79EFBC}") = "Interface", "Interface\Interface.csproj", "{6E15CE12-93E5-450B-A7E5-F02BA1DCCA03}"
EndProject
Global
	GlobalSection(SolutionConfigurationPlatforms) = preSolution
		Debug|Any CPU = Debug|Any CPU
		Release|Any CPU = Release|Any CPU
	EndGlobalSection
	GlobalSection(ProjectConfigurationPlatforms) = postSolution
		{6E15CE12-93E5-450B-A7E5-F02BA1DCCA03}.Debug|Any CPU.ActiveCfg = Debug|Any CPU
		{6E15CE12-93E5-450B-A7E5-F02BA1DCCA03}.Debug|Any CPU.Build.0 = Debug|Any CPU
		{6E15CE12-93E5-450B-A7E5-F02BA1DCCA03}.Release|Any CPU.ActiveCfg = Release|Any CPU
		{6E15CE12-93E5-450B-A7E5-F02BA1DCCA03}.Release|Any CPU.Build.0 = Release|Any CPU
	EndGlobalSection
	GlobalSection(SolutionProperties) = preSolution
		HideSolutionNode = FALSE
	EndGlobalSection
	GlobalSection(ExtensibilityGlobals) = postSolution
		SolutionGuid = {CEDD414D-D4B2-4E6E-B474-0BBAA2C73E73}
	EndGlobalSection
EndGlobal
